// !$*UTF8*$!
{
	archiveVersion = 1;
	classes = {
	};
	objectVersion = 46;
	objects = {

/* Begin PBXBuildFile section */
		801872321E8487030013A4E3 /* CPDemoViewController.swift in Sources */ = {isa = PBXBuildFile; fileRef = 801872311E8487030013A4E3 /* CPDemoViewController.swift */; };
		801872341E8487110013A4E3 /* CPLoginViewController.swift in Sources */ = {isa = PBXBuildFile; fileRef = 801872331E8487110013A4E3 /* CPLoginViewController.swift */; };
		801872361E8487250013A4E3 /* CPSignUpViewController.swift in Sources */ = {isa = PBXBuildFile; fileRef = 801872351E8487250013A4E3 /* CPSignUpViewController.swift */; };
		8018723A1E848D830013A4E3 /* CPIntroViewController.swift in Sources */ = {isa = PBXBuildFile; fileRef = 801872391E848D830013A4E3 /* CPIntroViewController.swift */; };
		8018723F1E8491200013A4E3 /* CPParentViewController.swift in Sources */ = {isa = PBXBuildFile; fileRef = 8018723E1E8491200013A4E3 /* CPParentViewController.swift */; };
		801872411E8491370013A4E3 /* CPChildViewController.swift in Sources */ = {isa = PBXBuildFile; fileRef = 801872401E8491370013A4E3 /* CPChildViewController.swift */; };
		80C233111E87578E00C39FFA /* SWRevealViewController.m in Sources */ = {isa = PBXBuildFile; fileRef = 80C233101E87578E00C39FFA /* SWRevealViewController.m */; };
		80C233141E8758F500C39FFA /* CPLeftMenuViewController.swift in Sources */ = {isa = PBXBuildFile; fileRef = 80C233131E8758F500C39FFA /* CPLeftMenuViewController.swift */; };
		80C233161E87591700C39FFA /* CPMapViewController.swift in Sources */ = {isa = PBXBuildFile; fileRef = 80C233151E87591700C39FFA /* CPMapViewController.swift */; };
		80C233181E875A0F00C39FFA /* CPHistoryViewController.swift in Sources */ = {isa = PBXBuildFile; fileRef = 80C233171E875A0F00C39FFA /* CPHistoryViewController.swift */; };
		80C2331B1E882E4800C39FFA /* InternalFlow.storyboard in Resources */ = {isa = PBXBuildFile; fileRef = 80C233191E882E4800C39FFA /* InternalFlow.storyboard */; };
		80C2331E1E8940A100C39FFA /* MapKit.framework in Frameworks */ = {isa = PBXBuildFile; fileRef = 80C2331D1E8940A100C39FFA /* MapKit.framework */; };
		80C233211E8942CF00C39FFA /* CPTextField.swift in Sources */ = {isa = PBXBuildFile; fileRef = 80C233201E8942CF00C39FFA /* CPTextField.swift */; };
		80C233241E8954FB00C39FFA /* CPSearchViewController.swift in Sources */ = {isa = PBXBuildFile; fileRef = 80C233231E8954FB00C39FFA /* CPSearchViewController.swift */; };
		80C233261E89559E00C39FFA /* CPLocationSearchCell.swift in Sources */ = {isa = PBXBuildFile; fileRef = 80C233251E89559E00C39FFA /* CPLocationSearchCell.swift */; };
		80C233281E89A36100C39FFA /* CPSelectRideViewController.swift in Sources */ = {isa = PBXBuildFile; fileRef = 80C233271E89A36100C39FFA /* CPSelectRideViewController.swift */; };
		80C28CF61E85602600A932EB /* CPExtensions.swift in Sources */ = {isa = PBXBuildFile; fileRef = 80C28CF51E85602600A932EB /* CPExtensions.swift */; };
		80C28CF81E856D0300A932EB /* CPDemoEntity.swift in Sources */ = {isa = PBXBuildFile; fileRef = 80C28CF71E856D0300A932EB /* CPDemoEntity.swift */; };
		80C28CFA1E856D8900A932EB /* CPDataHandler.swift in Sources */ = {isa = PBXBuildFile; fileRef = 80C28CF91E856D8900A932EB /* CPDataHandler.swift */; };
		80C28CFC1E858D4A00A932EB /* CPConstants.swift in Sources */ = {isa = PBXBuildFile; fileRef = 80C28CFB1E858D4A00A932EB /* CPConstants.swift */; };
		80C28D011E862F5B00A932EB /* CPBaseViewController.swift in Sources */ = {isa = PBXBuildFile; fileRef = 80C28D001E862F5B00A932EB /* CPBaseViewController.swift */; };
		80D1BDF61E840CB100F35E65 /* AppDelegate.swift in Sources */ = {isa = PBXBuildFile; fileRef = 80D1BDF51E840CB100F35E65 /* AppDelegate.swift */; };
		80D1BDFB1E840CB100F35E65 /* Main.storyboard in Resources */ = {isa = PBXBuildFile; fileRef = 80D1BDF91E840CB100F35E65 /* Main.storyboard */; };
		80D1BDFD1E840CB100F35E65 /* Assets.xcassets in Resources */ = {isa = PBXBuildFile; fileRef = 80D1BDFC1E840CB100F35E65 /* Assets.xcassets */; };
		80D1BE001E840CB100F35E65 /* LaunchScreen.storyboard in Resources */ = {isa = PBXBuildFile; fileRef = 80D1BDFE1E840CB100F35E65 /* LaunchScreen.storyboard */; };
/* End PBXBuildFile section */

/* Begin PBXFileReference section */
		801872311E8487030013A4E3 /* CPDemoViewController.swift */ = {isa = PBXFileReference; fileEncoding = 4; lastKnownFileType = sourcecode.swift; path = CPDemoViewController.swift; sourceTree = "<group>"; };
		801872331E8487110013A4E3 /* CPLoginViewController.swift */ = {isa = PBXFileReference; fileEncoding = 4; lastKnownFileType = sourcecode.swift; path = CPLoginViewController.swift; sourceTree = "<group>"; };
		801872351E8487250013A4E3 /* CPSignUpViewController.swift */ = {isa = PBXFileReference; fileEncoding = 4; lastKnownFileType = sourcecode.swift; path = CPSignUpViewController.swift; sourceTree = "<group>"; };
		801872391E848D830013A4E3 /* CPIntroViewController.swift */ = {isa = PBXFileReference; fileEncoding = 4; lastKnownFileType = sourcecode.swift; path = CPIntroViewController.swift; sourceTree = "<group>"; };
		8018723E1E8491200013A4E3 /* CPParentViewController.swift */ = {isa = PBXFileReference; fileEncoding = 4; lastKnownFileType = sourcecode.swift; path = CPParentViewController.swift; sourceTree = "<group>"; };
		801872401E8491370013A4E3 /* CPChildViewController.swift */ = {isa = PBXFileReference; fileEncoding = 4; lastKnownFileType = sourcecode.swift; path = CPChildViewController.swift; sourceTree = "<group>"; };
		80C2330E1E87578E00C39FFA /* CarPoolDemo-Bridging-Header.h */ = {isa = PBXFileReference; lastKnownFileType = sourcecode.c.h; path = "CarPoolDemo-Bridging-Header.h"; sourceTree = "<group>"; };
		80C2330F1E87578E00C39FFA /* SWRevealViewController.h */ = {isa = PBXFileReference; fileEncoding = 4; lastKnownFileType = sourcecode.c.h; path = SWRevealViewController.h; sourceTree = "<group>"; };
		80C233101E87578E00C39FFA /* SWRevealViewController.m */ = {isa = PBXFileReference; fileEncoding = 4; lastKnownFileType = sourcecode.c.objc; path = SWRevealViewController.m; sourceTree = "<group>"; };
		80C233131E8758F500C39FFA /* CPLeftMenuViewController.swift */ = {isa = PBXFileReference; fileEncoding = 4; lastKnownFileType = sourcecode.swift; path = CPLeftMenuViewController.swift; sourceTree = "<group>"; };
		80C233151E87591700C39FFA /* CPMapViewController.swift */ = {isa = PBXFileReference; fileEncoding = 4; lastKnownFileType = sourcecode.swift; path = CPMapViewController.swift; sourceTree = "<group>"; };
		80C233171E875A0F00C39FFA /* CPHistoryViewController.swift */ = {isa = PBXFileReference; fileEncoding = 4; lastKnownFileType = sourcecode.swift; path = CPHistoryViewController.swift; sourceTree = "<group>"; };
		80C2331A1E882E4800C39FFA /* Base */ = {isa = PBXFileReference; lastKnownFileType = file.storyboard; name = Base; path = Base.lproj/InternalFlow.storyboard; sourceTree = "<group>"; };
		80C2331D1E8940A100C39FFA /* MapKit.framework */ = {isa = PBXFileReference; lastKnownFileType = wrapper.framework; name = MapKit.framework; path = System/Library/Frameworks/MapKit.framework; sourceTree = SDKROOT; };
		80C233201E8942CF00C39FFA /* CPTextField.swift */ = {isa = PBXFileReference; fileEncoding = 4; lastKnownFileType = sourcecode.swift; path = CPTextField.swift; sourceTree = "<group>"; };
		80C233231E8954FB00C39FFA /* CPSearchViewController.swift */ = {isa = PBXFileReference; fileEncoding = 4; lastKnownFileType = sourcecode.swift; path = CPSearchViewController.swift; sourceTree = "<group>"; };
		80C233251E89559E00C39FFA /* CPLocationSearchCell.swift */ = {isa = PBXFileReference; fileEncoding = 4; lastKnownFileType = sourcecode.swift; path = CPLocationSearchCell.swift; sourceTree = "<group>"; };
		80C233271E89A36100C39FFA /* CPSelectRideViewController.swift */ = {isa = PBXFileReference; fileEncoding = 4; lastKnownFileType = sourcecode.swift; path = CPSelectRideViewController.swift; sourceTree = "<group>"; };
		80C28CF51E85602600A932EB /* CPExtensions.swift */ = {isa = PBXFileReference; fileEncoding = 4; lastKnownFileType = sourcecode.swift; path = CPExtensions.swift; sourceTree = "<group>"; };
		80C28CF71E856D0300A932EB /* CPDemoEntity.swift */ = {isa = PBXFileReference; fileEncoding = 4; lastKnownFileType = sourcecode.swift; path = CPDemoEntity.swift; sourceTree = "<group>"; };
		80C28CF91E856D8900A932EB /* CPDataHandler.swift */ = {isa = PBXFileReference; fileEncoding = 4; lastKnownFileType = sourcecode.swift; path = CPDataHandler.swift; sourceTree = "<group>"; };
		80C28CFB1E858D4A00A932EB /* CPConstants.swift */ = {isa = PBXFileReference; fileEncoding = 4; lastKnownFileType = sourcecode.swift; path = CPConstants.swift; sourceTree = "<group>"; };
		80C28D001E862F5B00A932EB /* CPBaseViewController.swift */ = {isa = PBXFileReference; fileEncoding = 4; lastKnownFileType = sourcecode.swift; path = CPBaseViewController.swift; sourceTree = "<group>"; };
		80D1BDF21E840CB100F35E65 /* CarPoolDemo.app */ = {isa = PBXFileReference; explicitFileType = wrapper.application; includeInIndex = 0; path = CarPoolDemo.app; sourceTree = BUILT_PRODUCTS_DIR; };
		80D1BDF51E840CB100F35E65 /* AppDelegate.swift */ = {isa = PBXFileReference; lastKnownFileType = sourcecode.swift; path = AppDelegate.swift; sourceTree = "<group>"; };
		80D1BDFA1E840CB100F35E65 /* Base */ = {isa = PBXFileReference; lastKnownFileType = file.storyboard; name = Base; path = Base.lproj/Main.storyboard; sourceTree = "<group>"; };
		80D1BDFC1E840CB100F35E65 /* Assets.xcassets */ = {isa = PBXFileReference; lastKnownFileType = folder.assetcatalog; path = Assets.xcassets; sourceTree = "<group>"; };
		80D1BDFF1E840CB100F35E65 /* Base */ = {isa = PBXFileReference; lastKnownFileType = file.storyboard; name = Base; path = Base.lproj/LaunchScreen.storyboard; sourceTree = "<group>"; };
		80D1BE011E840CB100F35E65 /* Info.plist */ = {isa = PBXFileReference; lastKnownFileType = text.plist.xml; path = Info.plist; sourceTree = "<group>"; };
/* End PBXFileReference section */

/* Begin PBXFrameworksBuildPhase section */
		80D1BDEF1E840CB100F35E65 /* Frameworks */ = {
			isa = PBXFrameworksBuildPhase;
			buildActionMask = 2147483647;
			files = (
				80C2331E1E8940A100C39FFA /* MapKit.framework in Frameworks */,
			);
			runOnlyForDeploymentPostprocessing = 0;
		};
/* End PBXFrameworksBuildPhase section */

/* Begin PBXGroup section */
		801872371E8487630013A4E3 /* Controllers */ = {
			isa = PBXGroup;
			children = (
				80C28D001E862F5B00A932EB /* CPBaseViewController.swift */,
				801872391E848D830013A4E3 /* CPIntroViewController.swift */,
				80C28CFD1E8593C900A932EB /* Login&SignUp */,
				8018723D1E8490FC0013A4E3 /* DemoViewControllers */,
				80C233121E8758A800C39FFA /* SideMenu */,
			);
			name = Controllers;
			sourceTree = "<group>";
		};
		801872381E8487710013A4E3 /* Models */ = {
			isa = PBXGroup;
			children = (
				80C28CF71E856D0300A932EB /* CPDemoEntity.swift */,
			);
			name = Models;
			sourceTree = "<group>";
		};
		8018723D1E8490FC0013A4E3 /* DemoViewControllers */ = {
			isa = PBXGroup;
			children = (
				801872311E8487030013A4E3 /* CPDemoViewController.swift */,
				8018723E1E8491200013A4E3 /* CPParentViewController.swift */,
				801872401E8491370013A4E3 /* CPChildViewController.swift */,
			);
			name = DemoViewControllers;
			sourceTree = "<group>";
		};
		80C2330D1E87577300C39FFA /* SideMenuLibrary */ = {
			isa = PBXGroup;
			children = (
				80C2330F1E87578E00C39FFA /* SWRevealViewController.h */,
				80C233101E87578E00C39FFA /* SWRevealViewController.m */,
			);
			name = SideMenuLibrary;
			sourceTree = "<group>";
		};
		80C233121E8758A800C39FFA /* SideMenu */ = {
			isa = PBXGroup;
			children = (
				80C233221E8954E200C39FFA /* Map */,
				80C233131E8758F500C39FFA /* CPLeftMenuViewController.swift */,
				80C233171E875A0F00C39FFA /* CPHistoryViewController.swift */,
			);
			name = SideMenu;
			sourceTree = "<group>";
		};
		80C2331C1E8940A100C39FFA /* Frameworks */ = {
			isa = PBXGroup;
			children = (
				80C2331D1E8940A100C39FFA /* MapKit.framework */,
			);
			name = Frameworks;
			sourceTree = "<group>";
		};
		80C2331F1E8942AD00C39FFA /* Views */ = {
			isa = PBXGroup;
			children = (
				80C233201E8942CF00C39FFA /* CPTextField.swift */,
			);
			name = Views;
			sourceTree = "<group>";
		};
		80C233221E8954E200C39FFA /* Map */ = {
			isa = PBXGroup;
			children = (
				80C233151E87591700C39FFA /* CPMapViewController.swift */,
				80C233271E89A36100C39FFA /* CPSelectRideViewController.swift */,
				80C233231E8954FB00C39FFA /* CPSearchViewController.swift */,
				80C233251E89559E00C39FFA /* CPLocationSearchCell.swift */,
			);
			name = Map;
			sourceTree = "<group>";
		};
		80C28CFD1E8593C900A932EB /* Login&SignUp */ = {
			isa = PBXGroup;
			children = (
				801872331E8487110013A4E3 /* CPLoginViewController.swift */,
				801872351E8487250013A4E3 /* CPSignUpViewController.swift */,
			);
			name = "Login&SignUp";
			sourceTree = "<group>";
		};
		80C28CFE1E85AA4100A932EB /* Utils */ = {
			isa = PBXGroup;
			children = (
				80C28CFB1E858D4A00A932EB /* CPConstants.swift */,
				80C28CF51E85602600A932EB /* CPExtensions.swift */,
				80C28CF91E856D8900A932EB /* CPDataHandler.swift */,
			);
			name = Utils;
			sourceTree = "<group>";
		};
		80D1BDE91E840CB100F35E65 = {
			isa = PBXGroup;
			children = (
				80D1BDF41E840CB100F35E65 /* CarPoolDemo */,
				80D1BDF31E840CB100F35E65 /* Products */,
				80C2331C1E8940A100C39FFA /* Frameworks */,
			);
			sourceTree = "<group>";
		};
		80D1BDF31E840CB100F35E65 /* Products */ = {
			isa = PBXGroup;
			children = (
				80D1BDF21E840CB100F35E65 /* CarPoolDemo.app */,
			);
			name = Products;
			sourceTree = "<group>";
		};
		80D1BDF41E840CB100F35E65 /* CarPoolDemo */ = {
			isa = PBXGroup;
			children = (
				80C2331F1E8942AD00C39FFA /* Views */,
				80D1BDF51E840CB100F35E65 /* AppDelegate.swift */,
				80C2330E1E87578E00C39FFA /* CarPoolDemo-Bridging-Header.h */,
				80C2330D1E87577300C39FFA /* SideMenuLibrary */,
				80C28CFE1E85AA4100A932EB /* Utils */,
				801872381E8487710013A4E3 /* Models */,
				801872371E8487630013A4E3 /* Controllers */,
				80D1BDF91E840CB100F35E65 /* Main.storyboard */,
				80C233191E882E4800C39FFA /* InternalFlow.storyboard */,
				80D1BDFC1E840CB100F35E65 /* Assets.xcassets */,
				80D1BDFE1E840CB100F35E65 /* LaunchScreen.storyboard */,
				80D1BE011E840CB100F35E65 /* Info.plist */,
			);
			path = CarPoolDemo;
			sourceTree = "<group>";
		};
/* End PBXGroup section */

/* Begin PBXNativeTarget section */
		80D1BDF11E840CB100F35E65 /* CarPoolDemo */ = {
			isa = PBXNativeTarget;
			buildConfigurationList = 80D1BE041E840CB100F35E65 /* Build configuration list for PBXNativeTarget "CarPoolDemo" */;
			buildPhases = (
				80D1BDEE1E840CB100F35E65 /* Sources */,
				80D1BDEF1E840CB100F35E65 /* Frameworks */,
				80D1BDF01E840CB100F35E65 /* Resources */,
			);
			buildRules = (
			);
			dependencies = (
			);
			name = CarPoolDemo;
			productName = CarPoolDemo;
			productReference = 80D1BDF21E840CB100F35E65 /* CarPoolDemo.app */;
			productType = "com.apple.product-type.application";
		};
/* End PBXNativeTarget section */

/* Begin PBXProject section */
		80D1BDEA1E840CB100F35E65 /* Project object */ = {
			isa = PBXProject;
			attributes = {
				CLASSPREFIX = CP;
				LastSwiftUpdateCheck = 0820;
				LastUpgradeCheck = 0820;
				ORGANIZATIONNAME = "SGS Inc.";
				TargetAttributes = {
					80D1BDF11E840CB100F35E65 = {
						CreatedOnToolsVersion = 8.2.1;
						DevelopmentTeam = UM83DWBEMG;
						LastSwiftMigration = 0820;
						ProvisioningStyle = Automatic;
					};
				};
			};
			buildConfigurationList = 80D1BDED1E840CB100F35E65 /* Build configuration list for PBXProject "CarPoolDemo" */;
			compatibilityVersion = "Xcode 3.2";
			developmentRegion = English;
			hasScannedForEncodings = 0;
			knownRegions = (
				en,
				Base,
			);
			mainGroup = 80D1BDE91E840CB100F35E65;
			productRefGroup = 80D1BDF31E840CB100F35E65 /* Products */;
			projectDirPath = "";
			projectRoot = "";
			targets = (
				80D1BDF11E840CB100F35E65 /* CarPoolDemo */,
			);
		};
/* End PBXProject section */

/* Begin PBXResourcesBuildPhase section */
		80D1BDF01E840CB100F35E65 /* Resources */ = {
			isa = PBXResourcesBuildPhase;
			buildActionMask = 2147483647;
			files = (
				80D1BE001E840CB100F35E65 /* LaunchScreen.storyboard in Resources */,
				80D1BDFD1E840CB100F35E65 /* Assets.xcassets in Resources */,
				80D1BDFB1E840CB100F35E65 /* Main.storyboard in Resources */,
				80C2331B1E882E4800C39FFA /* InternalFlow.storyboard in Resources */,
			);
			runOnlyForDeploymentPostprocessing = 0;
		};
/* End PBXResourcesBuildPhase section */

/* Begin PBXSourcesBuildPhase section */
		80D1BDEE1E840CB100F35E65 /* Sources */ = {
			isa = PBXSourcesBuildPhase;
			buildActionMask = 2147483647;
			files = (
				80C233111E87578E00C39FFA /* SWRevealViewController.m in Sources */,
				80C233141E8758F500C39FFA /* CPLeftMenuViewController.swift in Sources */,
				8018723A1E848D830013A4E3 /* CPIntroViewController.swift in Sources */,
				801872321E8487030013A4E3 /* CPDemoViewController.swift in Sources */,
				801872341E8487110013A4E3 /* CPLoginViewController.swift in Sources */,
				8018723F1E8491200013A4E3 /* CPParentViewController.swift in Sources */,
				80C233211E8942CF00C39FFA /* CPTextField.swift in Sources */,
				80C233161E87591700C39FFA /* CPMapViewController.swift in Sources */,
				80C28CF61E85602600A932EB /* CPExtensions.swift in Sources */,
				801872411E8491370013A4E3 /* CPChildViewController.swift in Sources */,
				80C28CFC1E858D4A00A932EB /* CPConstants.swift in Sources */,
				80C28CF81E856D0300A932EB /* CPDemoEntity.swift in Sources */,
				801872361E8487250013A4E3 /* CPSignUpViewController.swift in Sources */,
				80C233181E875A0F00C39FFA /* CPHistoryViewController.swift in Sources */,
				80C233281E89A36100C39FFA /* CPSelectRideViewController.swift in Sources */,
				80C233261E89559E00C39FFA /* CPLocationSearchCell.swift in Sources */,
				80C28CFA1E856D8900A932EB /* CPDataHandler.swift in Sources */,
				80C233241E8954FB00C39FFA /* CPSearchViewController.swift in Sources */,
				80C28D011E862F5B00A932EB /* CPBaseViewController.swift in Sources */,
				80D1BDF61E840CB100F35E65 /* AppDelegate.swift in Sources */,
			);
			runOnlyForDeploymentPostprocessing = 0;
		};
/* End PBXSourcesBuildPhase section */

/* Begin PBXVariantGroup section */
		80C233191E882E4800C39FFA /* InternalFlow.storyboard */ = {
			isa = PBXVariantGroup;
			children = (
				80C2331A1E882E4800C39FFA /* Base */,
			);
			name = InternalFlow.storyboard;
			sourceTree = "<group>";
		};
		80D1BDF91E840CB100F35E65 /* Main.storyboard */ = {
			isa = PBXVariantGroup;
			children = (
				80D1BDFA1E840CB100F35E65 /* Base */,
			);
			name = Main.storyboard;
			sourceTree = "<group>";
		};
		80D1BDFE1E840CB100F35E65 /* LaunchScreen.storyboard */ = {
			isa = PBXVariantGroup;
			children = (
				80D1BDFF1E840CB100F35E65 /* Base */,
			);
			name = LaunchScreen.storyboard;
			sourceTree = "<group>";
		};
/* End PBXVariantGroup section */

/* Begin XCBuildConfiguration section */
		80D1BE021E840CB100F35E65 /* Debug */ = {
			isa = XCBuildConfiguration;
			buildSettings = {
				ALWAYS_SEARCH_USER_PATHS = NO;
				CLANG_ANALYZER_NONNULL = YES;
				CLANG_CXX_LANGUAGE_STANDARD = "gnu++0x";
				CLANG_CXX_LIBRARY = "libc++";
				CLANG_ENABLE_MODULES = YES;
				CLANG_ENABLE_OBJC_ARC = YES;
				CLANG_WARN_BOOL_CONVERSION = YES;
				CLANG_WARN_CONSTANT_CONVERSION = YES;
				CLANG_WARN_DIRECT_OBJC_ISA_USAGE = YES_ERROR;
				CLANG_WARN_DOCUMENTATION_COMMENTS = YES;
				CLANG_WARN_EMPTY_BODY = YES;
				CLANG_WARN_ENUM_CONVERSION = YES;
				CLANG_WARN_INFINITE_RECURSION = YES;
				CLANG_WARN_INT_CONVERSION = YES;
				CLANG_WARN_OBJC_ROOT_CLASS = YES_ERROR;
				CLANG_WARN_SUSPICIOUS_MOVE = YES;
				CLANG_WARN_UNREACHABLE_CODE = YES;
				CLANG_WARN__DUPLICATE_METHOD_MATCH = YES;
				"CODE_SIGN_IDENTITY[sdk=iphoneos*]" = "iPhone Developer";
				COPY_PHASE_STRIP = NO;
				DEBUG_INFORMATION_FORMAT = dwarf;
				ENABLE_STRICT_OBJC_MSGSEND = YES;
				ENABLE_TESTABILITY = YES;
				GCC_C_LANGUAGE_STANDARD = gnu99;
				GCC_DYNAMIC_NO_PIC = NO;
				GCC_NO_COMMON_BLOCKS = YES;
				GCC_OPTIMIZATION_LEVEL = 0;
				GCC_PREPROCESSOR_DEFINITIONS = (
					"DEBUG=1",
					"$(inherited)",
				);
				GCC_WARN_64_TO_32_BIT_CONVERSION = YES;
				GCC_WARN_ABOUT_RETURN_TYPE = YES_ERROR;
				GCC_WARN_UNDECLARED_SELECTOR = YES;
				GCC_WARN_UNINITIALIZED_AUTOS = YES_AGGRESSIVE;
				GCC_WARN_UNUSED_FUNCTION = YES;
				GCC_WARN_UNUSED_VARIABLE = YES;
				IPHONEOS_DEPLOYMENT_TARGET = 10.2;
				MTL_ENABLE_DEBUG_INFO = YES;
				ONLY_ACTIVE_ARCH = YES;
				SDKROOT = iphoneos;
				SWIFT_ACTIVE_COMPILATION_CONDITIONS = DEBUG;
				SWIFT_OPTIMIZATION_LEVEL = "-Onone";
			};
			name = Debug;
		};
		80D1BE031E840CB100F35E65 /* Release */ = {
			isa = XCBuildConfiguration;
			buildSettings = {
				ALWAYS_SEARCH_USER_PATHS = NO;
				CLANG_ANALYZER_NONNULL = YES;
				CLANG_CXX_LANGUAGE_STANDARD = "gnu++0x";
				CLANG_CXX_LIBRARY = "libc++";
				CLANG_ENABLE_MODULES = YES;
				CLANG_ENABLE_OBJC_ARC = YES;
				CLANG_WARN_BOOL_CONVERSION = YES;
				CLANG_WARN_CONSTANT_CONVERSION = YES;
				CLANG_WARN_DIRECT_OBJC_ISA_USAGE = YES_ERROR;
				CLANG_WARN_DOCUMENTATION_COMMENTS = YES;
				CLANG_WARN_EMPTY_BODY = YES;
				CLANG_WARN_ENUM_CONVERSION = YES;
				CLANG_WARN_INFINITE_RECURSION = YES;
				CLANG_WARN_INT_CONVERSION = YES;
				CLANG_WARN_OBJC_ROOT_CLASS = YES_ERROR;
				CLANG_WARN_SUSPICIOUS_MOVE = YES;
				CLANG_WARN_UNREACHABLE_CODE = YES;
				CLANG_WARN__DUPLICATE_METHOD_MATCH = YES;
				"CODE_SIGN_IDENTITY[sdk=iphoneos*]" = "iPhone Developer";
				COPY_PHASE_STRIP = NO;
				DEBUG_INFORMATION_FORMAT = "dwarf-with-dsym";
				ENABLE_NS_ASSERTIONS = NO;
				ENABLE_STRICT_OBJC_MSGSEND = YES;
				GCC_C_LANGUAGE_STANDARD = gnu99;
				GCC_NO_COMMON_BLOCKS = YES;
				GCC_WARN_64_TO_32_BIT_CONVERSION = YES;
				GCC_WARN_ABOUT_RETURN_TYPE = YES_ERROR;
				GCC_WARN_UNDECLARED_SELECTOR = YES;
				GCC_WARN_UNINITIALIZED_AUTOS = YES_AGGRESSIVE;
				GCC_WARN_UNUSED_FUNCTION = YES;
				GCC_WARN_UNUSED_VARIABLE = YES;
				IPHONEOS_DEPLOYMENT_TARGET = 10.2;
				MTL_ENABLE_DEBUG_INFO = NO;
				SDKROOT = iphoneos;
				SWIFT_OPTIMIZATION_LEVEL = "-Owholemodule";
				VALIDATE_PRODUCT = YES;
			};
			name = Release;
		};
		80D1BE051E840CB100F35E65 /* Debug */ = {
			isa = XCBuildConfiguration;
			buildSettings = {
				ALWAYS_EMBED_SWIFT_STANDARD_LIBRARIES = YES;
				ASSETCATALOG_COMPILER_APPICON_NAME = AppIcon;
				CLANG_ENABLE_MODULES = YES;
				DEVELOPMENT_TEAM = UM83DWBEMG;
				INFOPLIST_FILE = CarPoolDemo/Info.plist;
				LD_RUNPATH_SEARCH_PATHS = "$(inherited) @executable_path/Frameworks";
				PRODUCT_BUNDLE_IDENTIFIER = com.sato.CarPoolDemo;
				PRODUCT_NAME = "$(TARGET_NAME)";
				SWIFT_OBJC_BRIDGING_HEADER = "CarPoolDemo/CarPoolDemo-Bridging-Header.h";
				SWIFT_OPTIMIZATION_LEVEL = "-Onone";
				SWIFT_VERSION = 3.0;
			};
			name = Debug;
		};
		80D1BE061E840CB100F35E65 /* Release */ = {
			isa = XCBuildConfiguration;
			buildSettings = {
				ALWAYS_EMBED_SWIFT_STANDARD_LIBRARIES = YES;
				ASSETCATALOG_COMPILER_APPICON_NAME = AppIcon;
				CLANG_ENABLE_MODULES = YES;
				DEVELOPMENT_TEAM = UM83DWBEMG;
				INFOPLIST_FILE = CarPoolDemo/Info.plist;
				LD_RUNPATH_SEARCH_PATHS = "$(inherited) @executable_path/Frameworks";
				PRODUCT_BUNDLE_IDENTIFIER = com.sato.CarPoolDemo;
				PRODUCT_NAME = "$(TARGET_NAME)";
				SWIFT_OBJC_BRIDGING_HEADER = "CarPoolDemo/CarPoolDemo-Bridging-Header.h";
				SWIFT_VERSION = 3.0;
			};
			name = Release;
		};
/* End XCBuildConfiguration section */

/* Begin XCConfigurationList section */
		80D1BDED1E840CB100F35E65 /* Build configuration list for PBXProject "CarPoolDemo" */ = {
			isa = XCConfigurationList;
			buildConfigurations = (
				80D1BE021E840CB100F35E65 /* Debug */,
				80D1BE031E840CB100F35E65 /* Release */,
			);
			defaultConfigurationIsVisible = 0;
			defaultConfigurationName = Release;
		};
		80D1BE041E840CB100F35E65 /* Build configuration list for PBXNativeTarget "CarPoolDemo" */ = {
			isa = XCConfigurationList;
			buildConfigurations = (
				80D1BE051E840CB100F35E65 /* Debug */,
				80D1BE061E840CB100F35E65 /* Release */,
			);
			defaultConfigurationIsVisible = 0;
			defaultConfigurationName = Release;
		};
/* End XCConfigurationList section */
	};
	rootObject = 80D1BDEA1E840CB100F35E65 /* Project object */;
}
